
Microsoft Visual Studio Solution File, Format Version 12.00
# Visual Studio Version 16
VisualStudioVersion = 16.0.31727.386
MinimumVisualStudioVersion = 10.0.40219.1
Project("{FAE04EC0-301F-11D3-BF4B-00C04F79EFBC}") = "ConsoleConnWebSeocket", "ConsoleConnWebSeocket\ConsoleConnWebSeocket.csproj", "{639D8D09-7822-4B33-BF05-E7DDEE25C3A6}"
EndProject
Project("{FAE04EC0-301F-11D3-BF4B-00C04F79EFBC}") = "Ws.Server", "Ws.Server\Ws.Server.csproj", "{29486CF8-B10F-401D-9272-C82B6B99281B}"
EndProject
Project("{FAE04EC0-301F-11D3-BF4B-00C04F79EFBC}") = "ConsoleConnWebSocketWebHook", "ConsoleConnWebSocketWebHook\ConsoleConnWebSocketWebHook.csproj", "{A36D557A-BD2F-44BC-BDFF-E87E480E8B55}"
EndProject
Global
	GlobalSection(SolutionConfigurationPlatforms) = preSolution
		Debug|Any CPU = Debug|Any CPU
		Release|Any CPU = Release|Any CPU
	EndGlobalSection
	GlobalSection(ProjectConfigurationPlatforms) = postSolution
		{639D8D09-7822-4B33-BF05-E7DDEE25C3A6}.Debug|Any CPU.ActiveCfg = Debug|Any CPU
		{639D8D09-7822-4B33-BF05-E7DDEE25C3A6}.Debug|Any CPU.Build.0 = Debug|Any CPU
		{639D8D09-7822-4B33-BF05-E7DDEE25C3A6}.Release|Any CPU.ActiveCfg = Release|Any CPU
		{639D8D09-7822-4B33-BF05-E7DDEE25C3A6}.Release|Any CPU.Build.0 = Release|Any CPU
		{29486CF8-B10F-401D-9272-C82B6B99281B}.Debug|Any CPU.ActiveCfg = Debug|Any CPU
		{29486CF8-B10F-401D-9272-C82B6B99281B}.Debug|Any CPU.Build.0 = Debug|Any CPU
		{29486CF8-B10F-401D-9272-C82B6B99281B}.Release|Any CPU.ActiveCfg = Release|Any CPU
		{29486CF8-B10F-401D-9272-C82B6B99281B}.Release|Any CPU.Build.0 = Release|Any CPU
		{A36D557A-BD2F-44BC-BDFF-E87E480E8B55}.Debug|Any CPU.ActiveCfg = Debug|Any CPU
		{A36D557A-BD2F-44BC-BDFF-E87E480E8B55}.Debug|Any CPU.Build.0 = Debug|Any CPU
		{A36D557A-BD2F-44BC-BDFF-E87E480E8B55}.Release|Any CPU.ActiveCfg = Release|Any CPU
		{A36D557A-BD2F-44BC-BDFF-E87E480E8B55}.Release|Any CPU.Build.0 = Release|Any CPU
	EndGlobalSection
	GlobalSection(SolutionProperties) = preSolution
		HideSolutionNode = FALSE
	EndGlobalSection
	GlobalSection(ExtensibilityGlobals) = postSolution
		SolutionGuid = {8D8643DF-0E45-4F50-B3B4-CACB37C54023}
	EndGlobalSection
EndGlobal
